
Microsoft Visual Studio Solution File, Format Version 12.00
# Visual Studio Version 16
VisualStudioVersion = 16.0.29306.81
MinimumVisualStudioVersion = 10.0.40219.1
Project("{9A19103F-16F7-4668-BE54-9A1E7A4F7556}") = "AplicacaoTeste", "AplicacaoTeste2\AplicacaoTeste.csproj", "{BA4AF4AB-E5FB-44E2-B514-57013C037AB0}"
EndProject
Global
	GlobalSection(SolutionConfigurationPlatforms) = preSolution
		Debug|Any CPU = Debug|Any CPU
		Release|Any CPU = Release|Any CPU
	EndGlobalSection
	GlobalSection(ProjectConfigurationPlatforms) = postSolution
		{BA4AF4AB-E5FB-44E2-B514-57013C037AB0}.Debug|Any CPU.ActiveCfg = Debug|Any CPU
		{BA4AF4AB-E5FB-44E2-B514-57013C037AB0}.Debug|Any CPU.Build.0 = Debug|Any CPU
		{BA4AF4AB-E5FB-44E2-B514-57013C037AB0}.Release|Any CPU.ActiveCfg = Release|Any CPU
		{BA4AF4AB-E5FB-44E2-B514-57013C037AB0}.Release|Any CPU.Build.0 = Release|Any CPU
	EndGlobalSection
	GlobalSection(SolutionProperties) = preSolution
		HideSolutionNode = FALSE
	EndGlobalSection
	GlobalSection(ExtensibilityGlobals) = postSolution
		SolutionGuid = {A012B493-DA86-4BF3-AA0E-1B42D4318CDA}
	EndGlobalSection
EndGlobal
